
Microsoft Visual Studio Solution File, Format Version 12.00
# Visual Studio 2013
VisualStudioVersion = 12.0.21005.1
MinimumVisualStudioVersion = 10.0.40219.1
Project("{FAE04EC0-301F-11D3-BF4B-00C04F79EFBC}") = "SchoolAccountant", "SchoolAccountant\SchoolAccountant.csproj", "{33F3EC36-51EF-47FE-8F48-D60BA56A9F07}"
EndProject
Project("{FAE04EC0-301F-11D3-BF4B-00C04F79EFBC}") = "BusinessLogic", "BusinessLogic\BusinessLogic.csproj", "{DD73AD3B-8F55-4D2F-A16F-00FFBB7649D2}"
EndProject
Project("{FAE04EC0-301F-11D3-BF4B-00C04F79EFBC}") = "MongoLogic", "MongoLogic\MongoLogic.csproj", "{0CDF979D-C540-4281-8865-5586608DFD9B}"
EndProject
Project("{FAE04EC0-301F-11D3-BF4B-00C04F79EFBC}") = "SchoolAccountantTest", "SchoolAccountantTest\SchoolAccountantTest.csproj", "{DE32B46C-A999-422F-8F9D-C1177770C6C5}"
EndProject
Global
	GlobalSection(SolutionConfigurationPlatforms) = preSolution
		Debug|Any CPU = Debug|Any CPU
		Release|Any CPU = Release|Any CPU
	EndGlobalSection
	GlobalSection(ProjectConfigurationPlatforms) = postSolution
		{33F3EC36-51EF-47FE-8F48-D60BA56A9F07}.Debug|Any CPU.ActiveCfg = Debug|Any CPU
		{33F3EC36-51EF-47FE-8F48-D60BA56A9F07}.Debug|Any CPU.Build.0 = Debug|Any CPU
		{33F3EC36-51EF-47FE-8F48-D60BA56A9F07}.Release|Any CPU.ActiveCfg = Release|Any CPU
		{33F3EC36-51EF-47FE-8F48-D60BA56A9F07}.Release|Any CPU.Build.0 = Release|Any CPU
		{DD73AD3B-8F55-4D2F-A16F-00FFBB7649D2}.Debug|Any CPU.ActiveCfg = Debug|Any CPU
		{DD73AD3B-8F55-4D2F-A16F-00FFBB7649D2}.Debug|Any CPU.Build.0 = Debug|Any CPU
		{DD73AD3B-8F55-4D2F-A16F-00FFBB7649D2}.Release|Any CPU.ActiveCfg = Release|Any CPU
		{DD73AD3B-8F55-4D2F-A16F-00FFBB7649D2}.Release|Any CPU.Build.0 = Release|Any CPU
		{0CDF979D-C540-4281-8865-5586608DFD9B}.Debug|Any CPU.ActiveCfg = Debug|Any CPU
		{0CDF979D-C540-4281-8865-5586608DFD9B}.Debug|Any CPU.Build.0 = Debug|Any CPU
		{0CDF979D-C540-4281-8865-5586608DFD9B}.Release|Any CPU.ActiveCfg = Release|Any CPU
		{0CDF979D-C540-4281-8865-5586608DFD9B}.Release|Any CPU.Build.0 = Release|Any CPU
		{DE32B46C-A999-422F-8F9D-C1177770C6C5}.Debug|Any CPU.ActiveCfg = Debug|Any CPU
		{DE32B46C-A999-422F-8F9D-C1177770C6C5}.Debug|Any CPU.Build.0 = Debug|Any CPU
		{DE32B46C-A999-422F-8F9D-C1177770C6C5}.Release|Any CPU.ActiveCfg = Release|Any CPU
		{DE32B46C-A999-422F-8F9D-C1177770C6C5}.Release|Any CPU.Build.0 = Release|Any CPU
	EndGlobalSection
	GlobalSection(SolutionProperties) = preSolution
		HideSolutionNode = FALSE
	EndGlobalSection
EndGlobal
